// !$*UTF8*$!
{
	archiveVersion = 1;
	classes = {
	};
	objectVersion = 50;
	objects = {

/* Begin PBXBuildFile section */
		B93471F2F78EA0C837EE07F3 /* Pods_QuizzAPP.framework in Frameworks */ = {isa = PBXBuildFile; fileRef = 6F8DACF9C8CF300093E74614 /* Pods_QuizzAPP.framework */; };
		CE28743621C6440F00A37912 /* DashboardTableViewController.swift in Sources */ = {isa = PBXBuildFile; fileRef = CE28743521C6440F00A37912 /* DashboardTableViewController.swift */; };
		CE60FC2B21C6CCB6006087F3 /* ResumeMultiTableViewController.swift in Sources */ = {isa = PBXBuildFile; fileRef = CE60FC2A21C6CCB6006087F3 /* ResumeMultiTableViewController.swift */; };
		CE6D060821C5D179002A87B2 /* ChoosePlayerController.swift in Sources */ = {isa = PBXBuildFile; fileRef = CE6D060721C5D179002A87B2 /* ChoosePlayerController.swift */; };
		CEFA776221BFF0240004C6BA /* ResumeTableViewController.swift in Sources */ = {isa = PBXBuildFile; fileRef = CEFA776121BFF0240004C6BA /* ResumeTableViewController.swift */; };
		DFE8876721AC38A700B1D9F0 /* AppDelegate.swift in Sources */ = {isa = PBXBuildFile; fileRef = DFE8876621AC38A700B1D9F0 /* AppDelegate.swift */; };
		DFE8876921AC38A700B1D9F0 /* ViewController.swift in Sources */ = {isa = PBXBuildFile; fileRef = DFE8876821AC38A700B1D9F0 /* ViewController.swift */; };
		DFE8876C21AC38A700B1D9F0 /* Main.storyboard in Resources */ = {isa = PBXBuildFile; fileRef = DFE8876A21AC38A700B1D9F0 /* Main.storyboard */; };
		DFE8876E21AC38A900B1D9F0 /* Assets.xcassets in Resources */ = {isa = PBXBuildFile; fileRef = DFE8876D21AC38A900B1D9F0 /* Assets.xcassets */; };
		DFE8877121AC38A900B1D9F0 /* LaunchScreen.storyboard in Resources */ = {isa = PBXBuildFile; fileRef = DFE8876F21AC38A900B1D9F0 /* LaunchScreen.storyboard */; };
		DFE8877921AC3D9100B1D9F0 /* HomeController.swift in Sources */ = {isa = PBXBuildFile; fileRef = DFE8877821AC3D9100B1D9F0 /* HomeController.swift */; };
		DFE8877B21AC433F00B1D9F0 /* GameController.swift in Sources */ = {isa = PBXBuildFile; fileRef = DFE8877A21AC433F00B1D9F0 /* GameController.swift */; };
		DFE8877D21AC48F200B1D9F0 /* SoloController.swift in Sources */ = {isa = PBXBuildFile; fileRef = DFE8877C21AC48F200B1D9F0 /* SoloController.swift */; };
		DFE8877F21AC48FF00B1D9F0 /* MultiController.swift in Sources */ = {isa = PBXBuildFile; fileRef = DFE8877E21AC48FF00B1D9F0 /* MultiController.swift */; };
/* End PBXBuildFile section */

/* Begin PBXFileReference section */
		11F2F5E89602F555107258D6 /* Pods-QuizzAPP.release.xcconfig */ = {isa = PBXFileReference; includeInIndex = 1; lastKnownFileType = text.xcconfig; name = "Pods-QuizzAPP.release.xcconfig"; path = "Pods/Target Support Files/Pods-QuizzAPP/Pods-QuizzAPP.release.xcconfig"; sourceTree = "<group>"; };
		24A45D76069A2426E4B2C9E2 /* Pods-QuizzAPP.debug.xcconfig */ = {isa = PBXFileReference; includeInIndex = 1; lastKnownFileType = text.xcconfig; name = "Pods-QuizzAPP.debug.xcconfig"; path = "Pods/Target Support Files/Pods-QuizzAPP/Pods-QuizzAPP.debug.xcconfig"; sourceTree = "<group>"; };
		6F8DACF9C8CF300093E74614 /* Pods_QuizzAPP.framework */ = {isa = PBXFileReference; explicitFileType = wrapper.framework; includeInIndex = 0; path = Pods_QuizzAPP.framework; sourceTree = BUILT_PRODUCTS_DIR; };
		CE28743521C6440F00A37912 /* DashboardTableViewController.swift */ = {isa = PBXFileReference; lastKnownFileType = sourcecode.swift; path = DashboardTableViewController.swift; sourceTree = "<group>"; };
		CE60FC2A21C6CCB6006087F3 /* ResumeMultiTableViewController.swift */ = {isa = PBXFileReference; lastKnownFileType = sourcecode.swift; path = ResumeMultiTableViewController.swift; sourceTree = "<group>"; };
		CE6D060721C5D179002A87B2 /* ChoosePlayerController.swift */ = {isa = PBXFileReference; lastKnownFileType = sourcecode.swift; path = ChoosePlayerController.swift; sourceTree = "<group>"; };
		CEFA776121BFF0240004C6BA /* ResumeTableViewController.swift */ = {isa = PBXFileReference; lastKnownFileType = sourcecode.swift; path = ResumeTableViewController.swift; sourceTree = "<group>"; };
		DFE8876321AC38A700B1D9F0 /* QuizzAPP.app */ = {isa = PBXFileReference; explicitFileType = wrapper.application; includeInIndex = 0; path = QuizzAPP.app; sourceTree = BUILT_PRODUCTS_DIR; };
		DFE8876621AC38A700B1D9F0 /* AppDelegate.swift */ = {isa = PBXFileReference; lastKnownFileType = sourcecode.swift; path = AppDelegate.swift; sourceTree = "<group>"; };
		DFE8876821AC38A700B1D9F0 /* ViewController.swift */ = {isa = PBXFileReference; lastKnownFileType = sourcecode.swift; path = ViewController.swift; sourceTree = "<group>"; };
		DFE8876B21AC38A700B1D9F0 /* Base */ = {isa = PBXFileReference; lastKnownFileType = file.storyboard; name = Base; path = Base.lproj/Main.storyboard; sourceTree = "<group>"; };
		DFE8876D21AC38A900B1D9F0 /* Assets.xcassets */ = {isa = PBXFileReference; lastKnownFileType = folder.assetcatalog; path = Assets.xcassets; sourceTree = "<group>"; };
		DFE8877021AC38A900B1D9F0 /* Base */ = {isa = PBXFileReference; lastKnownFileType = file.storyboard; name = Base; path = Base.lproj/LaunchScreen.storyboard; sourceTree = "<group>"; };
		DFE8877221AC38A900B1D9F0 /* Info.plist */ = {isa = PBXFileReference; lastKnownFileType = text.plist.xml; path = Info.plist; sourceTree = "<group>"; };
		DFE8877821AC3D9100B1D9F0 /* HomeController.swift */ = {isa = PBXFileReference; lastKnownFileType = sourcecode.swift; path = HomeController.swift; sourceTree = "<group>"; };
		DFE8877A21AC433F00B1D9F0 /* GameController.swift */ = {isa = PBXFileReference; lastKnownFileType = sourcecode.swift; path = GameController.swift; sourceTree = "<group>"; };
		DFE8877C21AC48F200B1D9F0 /* SoloController.swift */ = {isa = PBXFileReference; lastKnownFileType = sourcecode.swift; path = SoloController.swift; sourceTree = "<group>"; };
		DFE8877E21AC48FF00B1D9F0 /* MultiController.swift */ = {isa = PBXFileReference; lastKnownFileType = sourcecode.swift; path = MultiController.swift; sourceTree = "<group>"; };
/* End PBXFileReference section */

/* Begin PBXFrameworksBuildPhase section */
		DFE8876021AC38A700B1D9F0 /* Frameworks */ = {
			isa = PBXFrameworksBuildPhase;
			buildActionMask = 2147483647;
			files = (
				B93471F2F78EA0C837EE07F3 /* Pods_QuizzAPP.framework in Frameworks */,
			);
			runOnlyForDeploymentPostprocessing = 0;
		};
/* End PBXFrameworksBuildPhase section */

/* Begin PBXGroup section */
		0F7DA45CCDE8AEDF15BF0555 /* Pods */ = {
			isa = PBXGroup;
			children = (
				24A45D76069A2426E4B2C9E2 /* Pods-QuizzAPP.debug.xcconfig */,
				11F2F5E89602F555107258D6 /* Pods-QuizzAPP.release.xcconfig */,
			);
			name = Pods;
			sourceTree = "<group>";
		};
		BC3E6B248BE4B278EC825081 /* Frameworks */ = {
			isa = PBXGroup;
			children = (
				6F8DACF9C8CF300093E74614 /* Pods_QuizzAPP.framework */,
			);
			name = Frameworks;
			sourceTree = "<group>";
		};
		DFE8875A21AC38A700B1D9F0 = {
			isa = PBXGroup;
			children = (
				DFE8876521AC38A700B1D9F0 /* QuizzAPP */,
				DFE8876421AC38A700B1D9F0 /* Products */,
				0F7DA45CCDE8AEDF15BF0555 /* Pods */,
				BC3E6B248BE4B278EC825081 /* Frameworks */,
			);
			sourceTree = "<group>";
		};
		DFE8876421AC38A700B1D9F0 /* Products */ = {
			isa = PBXGroup;
			children = (
				DFE8876321AC38A700B1D9F0 /* QuizzAPP.app */,
			);
			name = Products;
			sourceTree = "<group>";
		};
		DFE8876521AC38A700B1D9F0 /* QuizzAPP */ = {
			isa = PBXGroup;
			children = (
				DFE8876621AC38A700B1D9F0 /* AppDelegate.swift */,
				DFE8876821AC38A700B1D9F0 /* ViewController.swift */,
				DFE8876A21AC38A700B1D9F0 /* Main.storyboard */,
				DFE8876D21AC38A900B1D9F0 /* Assets.xcassets */,
				DFE8876F21AC38A900B1D9F0 /* LaunchScreen.storyboard */,
				DFE8877221AC38A900B1D9F0 /* Info.plist */,
				DFE8877821AC3D9100B1D9F0 /* HomeController.swift */,
				DFE8877A21AC433F00B1D9F0 /* GameController.swift */,
				DFE8877C21AC48F200B1D9F0 /* SoloController.swift */,
				DFE8877E21AC48FF00B1D9F0 /* MultiController.swift */,
				CEFA776121BFF0240004C6BA /* ResumeTableViewController.swift */,
				CE6D060721C5D179002A87B2 /* ChoosePlayerController.swift */,
				CE28743521C6440F00A37912 /* DashboardTableViewController.swift */,
				CE60FC2A21C6CCB6006087F3 /* ResumeMultiTableViewController.swift */,
			);
			path = QuizzAPP;
			sourceTree = "<group>";
		};
/* End PBXGroup section */

/* Begin PBXNativeTarget section */
		DFE8876221AC38A700B1D9F0 /* QuizzAPP */ = {
			isa = PBXNativeTarget;
			buildConfigurationList = DFE8877521AC38A900B1D9F0 /* Build configuration list for PBXNativeTarget "QuizzAPP" */;
			buildPhases = (
				66767033B37C7CF3388D187C /* [CP] Check Pods Manifest.lock */,
				DFE8875F21AC38A700B1D9F0 /* Sources */,
				DFE8876021AC38A700B1D9F0 /* Frameworks */,
				DFE8876121AC38A700B1D9F0 /* Resources */,
				A332E7022EAC0EE991AE77B4 /* [CP] Embed Pods Frameworks */,
			);
			buildRules = (
			);
			dependencies = (
			);
			name = QuizzAPP;
			productName = QuizzAPP;
			productReference = DFE8876321AC38A700B1D9F0 /* QuizzAPP.app */;
			productType = "com.apple.product-type.application";
		};
/* End PBXNativeTarget section */

/* Begin PBXProject section */
		DFE8875B21AC38A700B1D9F0 /* Project object */ = {
			isa = PBXProject;
			attributes = {
				LastSwiftUpdateCheck = 0940;
				LastUpgradeCheck = 0940;
				ORGANIZATIONNAME = "Remy Peyre";
				TargetAttributes = {
					DFE8876221AC38A700B1D9F0 = {
						CreatedOnToolsVersion = 9.4.1;
					};
				};
			};
			buildConfigurationList = DFE8875E21AC38A700B1D9F0 /* Build configuration list for PBXProject "QuizzAPP" */;
			compatibilityVersion = "Xcode 9.3";
			developmentRegion = en;
			hasScannedForEncodings = 0;
			knownRegions = (
				en,
				Base,
			);
			mainGroup = DFE8875A21AC38A700B1D9F0;
			productRefGroup = DFE8876421AC38A700B1D9F0 /* Products */;
			projectDirPath = "";
			projectRoot = "";
			targets = (
				DFE8876221AC38A700B1D9F0 /* QuizzAPP */,
			);
		};
/* End PBXProject section */

/* Begin PBXResourcesBuildPhase section */
		DFE8876121AC38A700B1D9F0 /* Resources */ = {
			isa = PBXResourcesBuildPhase;
			buildActionMask = 2147483647;
			files = (
				DFE8877121AC38A900B1D9F0 /* LaunchScreen.storyboard in Resources */,
				DFE8876E21AC38A900B1D9F0 /* Assets.xcassets in Resources */,
				DFE8876C21AC38A700B1D9F0 /* Main.storyboard in Resources */,
			);
			runOnlyForDeploymentPostprocessing = 0;
		};
/* End PBXResourcesBuildPhase section */

/* Begin PBXShellScriptBuildPhase section */
		66767033B37C7CF3388D187C /* [CP] Check Pods Manifest.lock */ = {
			isa = PBXShellScriptBuildPhase;
			buildActionMask = 2147483647;
			files = (
			);
			inputPaths = (
				"${PODS_PODFILE_DIR_PATH}/Podfile.lock",
				"${PODS_ROOT}/Manifest.lock",
			);
			name = "[CP] Check Pods Manifest.lock";
			outputPaths = (
				"$(DERIVED_FILE_DIR)/Pods-QuizzAPP-checkManifestLockResult.txt",
			);
			runOnlyForDeploymentPostprocessing = 0;
			shellPath = /bin/sh;
			shellScript = "diff \"${PODS_PODFILE_DIR_PATH}/Podfile.lock\" \"${PODS_ROOT}/Manifest.lock\" > /dev/null\nif [ $? != 0 ] ; then\n    # print error to STDERR\n    echo \"error: The sandbox is not in sync with the Podfile.lock. Run 'pod install' or update your CocoaPods installation.\" >&2\n    exit 1\nfi\n# This output is used by Xcode 'outputs' to avoid re-running this script phase.\necho \"SUCCESS\" > \"${SCRIPT_OUTPUT_FILE_0}\"\n";
			showEnvVarsInLog = 0;
		};
		A332E7022EAC0EE991AE77B4 /* [CP] Embed Pods Frameworks */ = {
			isa = PBXShellScriptBuildPhase;
			buildActionMask = 2147483647;
			files = (
			);
			inputPaths = (
				"${SRCROOT}/Pods/Target Support Files/Pods-QuizzAPP/Pods-QuizzAPP-frameworks.sh",
				"${BUILT_PRODUCTS_DIR}/Alamofire/Alamofire.framework",
			);
			name = "[CP] Embed Pods Frameworks";
			outputPaths = (
				"${TARGET_BUILD_DIR}/${FRAMEWORKS_FOLDER_PATH}/Alamofire.framework",
			);
			runOnlyForDeploymentPostprocessing = 0;
			shellPath = /bin/sh;
			shellScript = "\"${SRCROOT}/Pods/Target Support Files/Pods-QuizzAPP/Pods-QuizzAPP-frameworks.sh\"\n";
			showEnvVarsInLog = 0;
		};
/* End PBXShellScriptBuildPhase section */

/* Begin PBXSourcesBuildPhase section */
		DFE8875F21AC38A700B1D9F0 /* Sources */ = {
			isa = PBXSourcesBuildPhase;
			buildActionMask = 2147483647;
			files = (
				DFE8876921AC38A700B1D9F0 /* ViewController.swift in Sources */,
				CE6D060821C5D179002A87B2 /* ChoosePlayerController.swift in Sources */,
				CEFA776221BFF0240004C6BA /* ResumeTableViewController.swift in Sources */,
				DFE8877B21AC433F00B1D9F0 /* GameController.swift in Sources */,
				DFE8877D21AC48F200B1D9F0 /* SoloController.swift in Sources */,
				DFE8876721AC38A700B1D9F0 /* AppDelegate.swift in Sources */,
				CE60FC2B21C6CCB6006087F3 /* ResumeMultiTableViewController.swift in Sources */,
				DFE8877921AC3D9100B1D9F0 /* HomeController.swift in Sources */,
				CE28743621C6440F00A37912 /* DashboardTableViewController.swift in Sources */,
				DFE8877F21AC48FF00B1D9F0 /* MultiController.swift in Sources */,
			);
			runOnlyForDeploymentPostprocessing = 0;
		};
/* End PBXSourcesBuildPhase section */

/* Begin PBXVariantGroup section */
		DFE8876A21AC38A700B1D9F0 /* Main.storyboard */ = {
			isa = PBXVariantGroup;
			children = (
				DFE8876B21AC38A700B1D9F0 /* Base */,
			);
			name = Main.storyboard;
			sourceTree = "<group>";
		};
		DFE8876F21AC38A900B1D9F0 /* LaunchScreen.storyboard */ = {
			isa = PBXVariantGroup;
			children = (
				DFE8877021AC38A900B1D9F0 /* Base */,
			);
			name = LaunchScreen.storyboard;
			sourceTree = "<group>";
		};
/* End PBXVariantGroup section */

/* Begin XCBuildConfiguration section */
		DFE8877321AC38A900B1D9F0 /* Debug */ = {
			isa = XCBuildConfiguration;
			buildSettings = {
				ALWAYS_SEARCH_USER_PATHS = NO;
				CLANG_ANALYZER_NONNULL = YES;
				CLANG_ANALYZER_NUMBER_OBJECT_CONVERSION = YES_AGGRESSIVE;
				CLANG_CXX_LANGUAGE_STANDARD = "gnu++14";
				CLANG_CXX_LIBRARY = "libc++";
				CLANG_ENABLE_MODULES = YES;
				CLANG_ENABLE_OBJC_ARC = YES;
				CLANG_ENABLE_OBJC_WEAK = YES;
				CLANG_WARN_BLOCK_CAPTURE_AUTORELEASING = YES;
				CLANG_WARN_BOOL_CONVERSION = YES;
				CLANG_WARN_COMMA = YES;
				CLANG_WARN_CONSTANT_CONVERSION = YES;
				CLANG_WARN_DEPRECATED_OBJC_IMPLEMENTATIONS = YES;
				CLANG_WARN_DIRECT_OBJC_ISA_USAGE = YES_ERROR;
				CLANG_WARN_DOCUMENTATION_COMMENTS = YES;
				CLANG_WARN_EMPTY_BODY = YES;
				CLANG_WARN_ENUM_CONVERSION = YES;
				CLANG_WARN_INFINITE_RECURSION = YES;
				CLANG_WARN_INT_CONVERSION = YES;
				CLANG_WARN_NON_LITERAL_NULL_CONVERSION = YES;
				CLANG_WARN_OBJC_IMPLICIT_RETAIN_SELF = YES;
				CLANG_WARN_OBJC_LITERAL_CONVERSION = YES;
				CLANG_WARN_OBJC_ROOT_CLASS = YES_ERROR;
				CLANG_WARN_RANGE_LOOP_ANALYSIS = YES;
				CLANG_WARN_STRICT_PROTOTYPES = YES;
				CLANG_WARN_SUSPICIOUS_MOVE = YES;
				CLANG_WARN_UNGUARDED_AVAILABILITY = YES_AGGRESSIVE;
				CLANG_WARN_UNREACHABLE_CODE = YES;
				CLANG_WARN__DUPLICATE_METHOD_MATCH = YES;
				CODE_SIGN_IDENTITY = "iPhone Developer";
				COPY_PHASE_STRIP = NO;
				DEBUG_INFORMATION_FORMAT = dwarf;
				ENABLE_STRICT_OBJC_MSGSEND = YES;
				ENABLE_TESTABILITY = YES;
				GCC_C_LANGUAGE_STANDARD = gnu11;
				GCC_DYNAMIC_NO_PIC = NO;
				GCC_NO_COMMON_BLOCKS = YES;
				GCC_OPTIMIZATION_LEVEL = 0;
				GCC_PREPROCESSOR_DEFINITIONS = (
					"DEBUG=1",
					"$(inherited)",
				);
				GCC_WARN_64_TO_32_BIT_CONVERSION = YES;
				GCC_WARN_ABOUT_RETURN_TYPE = YES_ERROR;
				GCC_WARN_UNDECLARED_SELECTOR = YES;
				GCC_WARN_UNINITIALIZED_AUTOS = YES_AGGRESSIVE;
				GCC_WARN_UNUSED_FUNCTION = YES;
				GCC_WARN_UNUSED_VARIABLE = YES;
				IPHONEOS_DEPLOYMENT_TARGET = 11.4;
				MTL_ENABLE_DEBUG_INFO = YES;
				ONLY_ACTIVE_ARCH = YES;
				SDKROOT = iphoneos;
				SWIFT_ACTIVE_COMPILATION_CONDITIONS = DEBUG;
				SWIFT_OPTIMIZATION_LEVEL = "-Onone";
			};
			name = Debug;
		};
		DFE8877421AC38A900B1D9F0 /* Release */ = {
			isa = XCBuildConfiguration;
			buildSettings = {
				ALWAYS_SEARCH_USER_PATHS = NO;
				CLANG_ANALYZER_NONNULL = YES;
				CLANG_ANALYZER_NUMBER_OBJECT_CONVERSION = YES_AGGRESSIVE;
				CLANG_CXX_LANGUAGE_STANDARD = "gnu++14";
				CLANG_CXX_LIBRARY = "libc++";
				CLANG_ENABLE_MODULES = YES;
				CLANG_ENABLE_OBJC_ARC = YES;
				CLANG_ENABLE_OBJC_WEAK = YES;
				CLANG_WARN_BLOCK_CAPTURE_AUTORELEASING = YES;
				CLANG_WARN_BOOL_CONVERSION = YES;
				CLANG_WARN_COMMA = YES;
				CLANG_WARN_CONSTANT_CONVERSION = YES;
				CLANG_WARN_DEPRECATED_OBJC_IMPLEMENTATIONS = YES;
				CLANG_WARN_DIRECT_OBJC_ISA_USAGE = YES_ERROR;
				CLANG_WARN_DOCUMENTATION_COMMENTS = YES;
				CLANG_WARN_EMPTY_BODY = YES;
				CLANG_WARN_ENUM_CONVERSION = YES;
				CLANG_WARN_INFINITE_RECURSION = YES;
				CLANG_WARN_INT_CONVERSION = YES;
				CLANG_WARN_NON_LITERAL_NULL_CONVERSION = YES;
				CLANG_WARN_OBJC_IMPLICIT_RETAIN_SELF = YES;
				CLANG_WARN_OBJC_LITERAL_CONVERSION = YES;
				CLANG_WARN_OBJC_ROOT_CLASS = YES_ERROR;
				CLANG_WARN_RANGE_LOOP_ANALYSIS = YES;
				CLANG_WARN_STRICT_PROTOTYPES = YES;
				CLANG_WARN_SUSPICIOUS_MOVE = YES;
				CLANG_WARN_UNGUARDED_AVAILABILITY = YES_AGGRESSIVE;
				CLANG_WARN_UNREACHABLE_CODE = YES;
				CLANG_WARN__DUPLICATE_METHOD_MATCH = YES;
				CODE_SIGN_IDENTITY = "iPhone Developer";
				COPY_PHASE_STRIP = NO;
				DEBUG_INFORMATION_FORMAT = "dwarf-with-dsym";
				ENABLE_NS_ASSERTIONS = NO;
				ENABLE_STRICT_OBJC_MSGSEND = YES;
				GCC_C_LANGUAGE_STANDARD = gnu11;
				GCC_NO_COMMON_BLOCKS = YES;
				GCC_WARN_64_TO_32_BIT_CONVERSION = YES;
				GCC_WARN_ABOUT_RETURN_TYPE = YES_ERROR;
				GCC_WARN_UNDECLARED_SELECTOR = YES;
				GCC_WARN_UNINITIALIZED_AUTOS = YES_AGGRESSIVE;
				GCC_WARN_UNUSED_FUNCTION = YES;
				GCC_WARN_UNUSED_VARIABLE = YES;
				IPHONEOS_DEPLOYMENT_TARGET = 11.4;
				MTL_ENABLE_DEBUG_INFO = NO;
				SDKROOT = iphoneos;
				SWIFT_COMPILATION_MODE = wholemodule;
				SWIFT_OPTIMIZATION_LEVEL = "-O";
				VALIDATE_PRODUCT = YES;
			};
			name = Release;
		};
		DFE8877621AC38A900B1D9F0 /* Debug */ = {
			isa = XCBuildConfiguration;
			baseConfigurationReference = 24A45D76069A2426E4B2C9E2 /* Pods-QuizzAPP.debug.xcconfig */;
			buildSettings = {
				ASSETCATALOG_COMPILER_APPICON_NAME = AppIcon;
				CODE_SIGN_STYLE = Automatic;
				INFOPLIST_FILE = QuizzAPP/Info.plist;
				LD_RUNPATH_SEARCH_PATHS = (
					"$(inherited)",
					"@executable_path/Frameworks",
				);
				PRODUCT_BUNDLE_IDENTIFIER = Peyre.QuizzAPP;
				PRODUCT_NAME = "$(TARGET_NAME)";
				SWIFT_VERSION = 4.0;
				TARGETED_DEVICE_FAMILY = "1,2";
			};
			name = Debug;
		};
		DFE8877721AC38A900B1D9F0 /* Release */ = {
			isa = XCBuildConfiguration;
			baseConfigurationReference = 11F2F5E89602F555107258D6 /* Pods-QuizzAPP.release.xcconfig */;
			buildSettings = {
				ASSETCATALOG_COMPILER_APPICON_NAME = AppIcon;
				CODE_SIGN_STYLE = Automatic;
				INFOPLIST_FILE = QuizzAPP/Info.plist;
				LD_RUNPATH_SEARCH_PATHS = (
					"$(inherited)",
					"@executable_path/Frameworks",
				);
				PRODUCT_BUNDLE_IDENTIFIER = Peyre.QuizzAPP;
				PRODUCT_NAME = "$(TARGET_NAME)";
				SWIFT_VERSION = 4.0;
				TARGETED_DEVICE_FAMILY = "1,2";
			};
			name = Release;
		};
/* End XCBuildConfiguration section */

/* Begin XCConfigurationList section */
		DFE8875E21AC38A700B1D9F0 /* Build configuration list for PBXProject "QuizzAPP" */ = {
			isa = XCConfigurationList;
			buildConfigurations = (
				DFE8877321AC38A900B1D9F0 /* Debug */,
				DFE8877421AC38A900B1D9F0 /* Release */,
			);
			defaultConfigurationIsVisible = 0;
			defaultConfigurationName = Release;
		};
		DFE8877521AC38A900B1D9F0 /* Build configuration list for PBXNativeTarget "QuizzAPP" */ = {
			isa = XCConfigurationList;
			buildConfigurations = (
				DFE8877621AC38A900B1D9F0 /* Debug */,
				DFE8877721AC38A900B1D9F0 /* Release */,
			);
			defaultConfigurationIsVisible = 0;
			defaultConfigurationName = Release;
		};
/* End XCConfigurationList section */
	};
	rootObject = DFE8875B21AC38A700B1D9F0 /* Project object */;
}
